
Microsoft Visual Studio Solution File, Format Version 12.00
# Visual Studio Version 17
VisualStudioVersion = 17.12.35521.163
MinimumVisualStudioVersion = 10.0.40219.1
Project("{2150E333-8FDC-42A3-9474-1A3956D46DE8}") = "Services", "Services", "{5E989EC3-8CE1-4611-B14C-1B8B064832CA}"
EndProject
Project("{2150E333-8FDC-42A3-9474-1A3956D46DE8}") = "Catalog", "Catalog", "{BE6BD7E0-0E2A-4BD6-9A39-74817F63D421}"
EndProject
Project("{FAE04EC0-301F-11D3-BF4B-00C04F79EFBC}") = "Catalog.API", "Services\Catalog\Catalog.API\Catalog.API.csproj", "{9F1CC126-C844-4B16-8FEF-0914CFB7B0DE}"
EndProject
Project("{2150E333-8FDC-42A3-9474-1A3956D46DE8}") = "BuildingBlocks", "BuildingBlocks", "{49B07D4F-E3E0-463E-B29C-0180EFD061FB}"
EndProject
Project("{FAE04EC0-301F-11D3-BF4B-00C04F79EFBC}") = "BuildingBlocks", "BuildingBlocks\BuildingBlocks\BuildingBlocks.csproj", "{B97FF6D0-C487-4C7B-800E-D2A08F6A6ED9}"
EndProject
Project("{E53339B2-1760-4266-BCC7-CA923CBCF16C}") = "docker-compose", "docker-compose.dcproj", "{3C5DE1C7-B821-40DE-BF62-0C89C1AE83F8}"
EndProject
Project("{2150E333-8FDC-42A3-9474-1A3956D46DE8}") = "Basket", "Basket", "{233FB56F-ACA8-49E1-8AFF-3BD6335C5EF7}"
EndProject
Project("{FAE04EC0-301F-11D3-BF4B-00C04F79EFBC}") = "Basket.API", "Services\Basket\Basket.API\Basket.API.csproj", "{F37DD05D-B914-44CD-A534-EEEC93CBE022}"
EndProject
Project("{2150E333-8FDC-42A3-9474-1A3956D46DE8}") = "Discount", "Discount", "{02EA681E-C7D8-13C7-8484-4AC65E1B71E8}"
EndProject
Project("{FAE04EC0-301F-11D3-BF4B-00C04F79EFBC}") = "Discount.Grpc", "Services\Discount\Discount.Grpc\Discount.Grpc.csproj", "{990E882D-1D02-4E0B-B653-F583A071F4B9}"
EndProject
Project("{2150E333-8FDC-42A3-9474-1A3956D46DE8}") = "Ordering", "Ordering", "{7303973C-8BB1-45E8-A78D-6DBFA592E543}"
EndProject
Project("{FAE04EC0-301F-11D3-BF4B-00C04F79EFBC}") = "Ordering.API", "Services\Ordering\Ordering.API\Ordering.API.csproj", "{75EFF213-58EC-4A48-99AC-05B42E145A0E}"
EndProject
Project("{FAE04EC0-301F-11D3-BF4B-00C04F79EFBC}") = "Ordering.Application", "Services\Ordering\Ordering.Application\Ordering.Application.csproj", "{BB812A41-F153-44E1-9D36-05B1635C455C}"
EndProject
Project("{FAE04EC0-301F-11D3-BF4B-00C04F79EFBC}") = "Ordering.Infrastructure", "Services\Ordering\Ordering.Infrastructure\Ordering.Infrastructure.csproj", "{A56A3953-53C7-407B-8354-5C421B9DACF5}"
EndProject
Project("{FAE04EC0-301F-11D3-BF4B-00C04F79EFBC}") = "Ordering.Domain", "Services\Ordering\Ordering.Domain\Ordering.Domain.csproj", "{72746C0E-CCF7-4BD4-A34B-A60EF5880529}"
EndProject
Project("{FAE04EC0-301F-11D3-BF4B-00C04F79EFBC}") = "BuildingBlocks.Messaging", "BuildingBlocks\BuildingBlocks.Messaging\BuildingBlocks.Messaging.csproj", "{24218870-107A-4C49-A5E1-A26DE658C576}"
EndProject
Project("{2150E333-8FDC-42A3-9474-1A3956D46DE8}") = "ApiGateways", "ApiGateways", "{FD495A2A-7860-4F79-AD21-605F716FD38C}"
EndProject
Project("{FAE04EC0-301F-11D3-BF4B-00C04F79EFBC}") = "YarpApiGateway", "ApiGateways\YarpApiGateway\YarpApiGateway.csproj", "{431AE94F-62FF-4299-86B9-F3D74FB8D801}"
EndProject
Project("{2150E333-8FDC-42A3-9474-1A3956D46DE8}") = "WebApps", "WebApps", "{760461B4-958F-48FE-BA9C-3B00A5616137}"
EndProject
Project("{FAE04EC0-301F-11D3-BF4B-00C04F79EFBC}") = "Shopping.Web", "WebApps\Shopping.Web\Shopping.Web.csproj", "{ADC6C231-6548-497C-84AD-ACFCCD03D436}"
EndProject
Global
	GlobalSection(SolutionConfigurationPlatforms) = preSolution
		Debug|Any CPU = Debug|Any CPU
		Release|Any CPU = Release|Any CPU
	EndGlobalSection
	GlobalSection(ProjectConfigurationPlatforms) = postSolution
		{9F1CC126-C844-4B16-8FEF-0914CFB7B0DE}.Debug|Any CPU.ActiveCfg = Debug|Any CPU
		{9F1CC126-C844-4B16-8FEF-0914CFB7B0DE}.Debug|Any CPU.Build.0 = Debug|Any CPU
		{9F1CC126-C844-4B16-8FEF-0914CFB7B0DE}.Release|Any CPU.ActiveCfg = Release|Any CPU
		{9F1CC126-C844-4B16-8FEF-0914CFB7B0DE}.Release|Any CPU.Build.0 = Release|Any CPU
		{B97FF6D0-C487-4C7B-800E-D2A08F6A6ED9}.Debug|Any CPU.ActiveCfg = Debug|Any CPU
		{B97FF6D0-C487-4C7B-800E-D2A08F6A6ED9}.Debug|Any CPU.Build.0 = Debug|Any CPU
		{B97FF6D0-C487-4C7B-800E-D2A08F6A6ED9}.Release|Any CPU.ActiveCfg = Release|Any CPU
		{B97FF6D0-C487-4C7B-800E-D2A08F6A6ED9}.Release|Any CPU.Build.0 = Release|Any CPU
		{3C5DE1C7-B821-40DE-BF62-0C89C1AE83F8}.Debug|Any CPU.ActiveCfg = Debug|Any CPU
		{3C5DE1C7-B821-40DE-BF62-0C89C1AE83F8}.Debug|Any CPU.Build.0 = Debug|Any CPU
		{3C5DE1C7-B821-40DE-BF62-0C89C1AE83F8}.Release|Any CPU.ActiveCfg = Release|Any CPU
		{3C5DE1C7-B821-40DE-BF62-0C89C1AE83F8}.Release|Any CPU.Build.0 = Release|Any CPU
		{F37DD05D-B914-44CD-A534-EEEC93CBE022}.Debug|Any CPU.ActiveCfg = Debug|Any CPU
		{F37DD05D-B914-44CD-A534-EEEC93CBE022}.Debug|Any CPU.Build.0 = Debug|Any CPU
		{F37DD05D-B914-44CD-A534-EEEC93CBE022}.Release|Any CPU.ActiveCfg = Release|Any CPU
		{F37DD05D-B914-44CD-A534-EEEC93CBE022}.Release|Any CPU.Build.0 = Release|Any CPU
		{990E882D-1D02-4E0B-B653-F583A071F4B9}.Debug|Any CPU.ActiveCfg = Debug|Any CPU
		{990E882D-1D02-4E0B-B653-F583A071F4B9}.Debug|Any CPU.Build.0 = Debug|Any CPU
		{990E882D-1D02-4E0B-B653-F583A071F4B9}.Release|Any CPU.ActiveCfg = Release|Any CPU
		{990E882D-1D02-4E0B-B653-F583A071F4B9}.Release|Any CPU.Build.0 = Release|Any CPU
		{75EFF213-58EC-4A48-99AC-05B42E145A0E}.Debug|Any CPU.ActiveCfg = Debug|Any CPU
		{75EFF213-58EC-4A48-99AC-05B42E145A0E}.Debug|Any CPU.Build.0 = Debug|Any CPU
		{75EFF213-58EC-4A48-99AC-05B42E145A0E}.Release|Any CPU.ActiveCfg = Release|Any CPU
		{75EFF213-58EC-4A48-99AC-05B42E145A0E}.Release|Any CPU.Build.0 = Release|Any CPU
		{BB812A41-F153-44E1-9D36-05B1635C455C}.Debug|Any CPU.ActiveCfg = Debug|Any CPU
		{BB812A41-F153-44E1-9D36-05B1635C455C}.Debug|Any CPU.Build.0 = Debug|Any CPU
		{BB812A41-F153-44E1-9D36-05B1635C455C}.Release|Any CPU.ActiveCfg = Release|Any CPU
		{BB812A41-F153-44E1-9D36-05B1635C455C}.Release|Any CPU.Build.0 = Release|Any CPU
		{A56A3953-53C7-407B-8354-5C421B9DACF5}.Debug|Any CPU.ActiveCfg = Debug|Any CPU
		{A56A3953-53C7-407B-8354-5C421B9DACF5}.Debug|Any CPU.Build.0 = Debug|Any CPU
		{A56A3953-53C7-407B-8354-5C421B9DACF5}.Release|Any CPU.ActiveCfg = Release|Any CPU
		{A56A3953-53C7-407B-8354-5C421B9DACF5}.Release|Any CPU.Build.0 = Release|Any CPU
		{72746C0E-CCF7-4BD4-A34B-A60EF5880529}.Debug|Any CPU.ActiveCfg = Debug|Any CPU
		{72746C0E-CCF7-4BD4-A34B-A60EF5880529}.Debug|Any CPU.Build.0 = Debug|Any CPU
		{72746C0E-CCF7-4BD4-A34B-A60EF5880529}.Release|Any CPU.ActiveCfg = Release|Any CPU
		{72746C0E-CCF7-4BD4-A34B-A60EF5880529}.Release|Any CPU.Build.0 = Release|Any CPU
		{24218870-107A-4C49-A5E1-A26DE658C576}.Debug|Any CPU.ActiveCfg = Debug|Any CPU
		{24218870-107A-4C49-A5E1-A26DE658C576}.Debug|Any CPU.Build.0 = Debug|Any CPU
		{24218870-107A-4C49-A5E1-A26DE658C576}.Release|Any CPU.ActiveCfg = Release|Any CPU
		{24218870-107A-4C49-A5E1-A26DE658C576}.Release|Any CPU.Build.0 = Release|Any CPU
		{431AE94F-62FF-4299-86B9-F3D74FB8D801}.Debug|Any CPU.ActiveCfg = Debug|Any CPU
		{431AE94F-62FF-4299-86B9-F3D74FB8D801}.Debug|Any CPU.Build.0 = Debug|Any CPU
		{431AE94F-62FF-4299-86B9-F3D74FB8D801}.Release|Any CPU.ActiveCfg = Release|Any CPU
		{431AE94F-62FF-4299-86B9-F3D74FB8D801}.Release|Any CPU.Build.0 = Release|Any CPU
		{ADC6C231-6548-497C-84AD-ACFCCD03D436}.Debug|Any CPU.ActiveCfg = Debug|Any CPU
		{ADC6C231-6548-497C-84AD-ACFCCD03D436}.Debug|Any CPU.Build.0 = Debug|Any CPU
		{ADC6C231-6548-497C-84AD-ACFCCD03D436}.Release|Any CPU.ActiveCfg = Release|Any CPU
		{ADC6C231-6548-497C-84AD-ACFCCD03D436}.Release|Any CPU.Build.0 = Release|Any CPU
	EndGlobalSection
	GlobalSection(SolutionProperties) = preSolution
		HideSolutionNode = FALSE
	EndGlobalSection
	GlobalSection(NestedProjects) = preSolution
		{BE6BD7E0-0E2A-4BD6-9A39-74817F63D421} = {5E989EC3-8CE1-4611-B14C-1B8B064832CA}
		{9F1CC126-C844-4B16-8FEF-0914CFB7B0DE} = {BE6BD7E0-0E2A-4BD6-9A39-74817F63D421}
		{B97FF6D0-C487-4C7B-800E-D2A08F6A6ED9} = {49B07D4F-E3E0-463E-B29C-0180EFD061FB}
		{233FB56F-ACA8-49E1-8AFF-3BD6335C5EF7} = {5E989EC3-8CE1-4611-B14C-1B8B064832CA}
		{F37DD05D-B914-44CD-A534-EEEC93CBE022} = {233FB56F-ACA8-49E1-8AFF-3BD6335C5EF7}
		{02EA681E-C7D8-13C7-8484-4AC65E1B71E8} = {5E989EC3-8CE1-4611-B14C-1B8B064832CA}
		{990E882D-1D02-4E0B-B653-F583A071F4B9} = {02EA681E-C7D8-13C7-8484-4AC65E1B71E8}
		{7303973C-8BB1-45E8-A78D-6DBFA592E543} = {5E989EC3-8CE1-4611-B14C-1B8B064832CA}
		{75EFF213-58EC-4A48-99AC-05B42E145A0E} = {7303973C-8BB1-45E8-A78D-6DBFA592E543}
		{BB812A41-F153-44E1-9D36-05B1635C455C} = {7303973C-8BB1-45E8-A78D-6DBFA592E543}
		{A56A3953-53C7-407B-8354-5C421B9DACF5} = {7303973C-8BB1-45E8-A78D-6DBFA592E543}
		{72746C0E-CCF7-4BD4-A34B-A60EF5880529} = {7303973C-8BB1-45E8-A78D-6DBFA592E543}
		{24218870-107A-4C49-A5E1-A26DE658C576} = {49B07D4F-E3E0-463E-B29C-0180EFD061FB}
		{431AE94F-62FF-4299-86B9-F3D74FB8D801} = {FD495A2A-7860-4F79-AD21-605F716FD38C}
		{ADC6C231-6548-497C-84AD-ACFCCD03D436} = {760461B4-958F-48FE-BA9C-3B00A5616137}
	EndGlobalSection
	GlobalSection(ExtensibilityGlobals) = postSolution
		SolutionGuid = {A853DCDA-0267-4B50-B4F6-93A5D7B9E627}
	EndGlobalSection
EndGlobal
